hash: e9e925e95b446a8535d3b898c7e2383b98751d7e2d5065ebeae0e1f363e0acbf
updated: 2017-09-13T18:44:45.3269079+02:00
imports:
- name: github.com/badoux/checkmail
  version: d0a759655d62bcdc95c50a0676f3e9702ed59453
- name: github.com/gedex/inflector
  version: 16278e9db8130ac7ec405dc174cfb94344f16325
- name: github.com/go-gomail/gomail
  version: 81ebce5c23dfd25c6c67194b37d3dd3f338c98b1
- name: github.com/go-playground/locales
  version: 1e5f1161c6416a5ff48840eb8724a394e48cc534
  subpackages:
  - currency
- name: github.com/go-playground/universal-translator
  version: b32fa301c9fe55953584134cb6853a13c87ec0a1
- name: github.com/google/uuid
  version: 064e2069ce9c359c118179501254f67d7d37ba24
- name: github.com/gorilla/context
  version: 08b5f424b9271eedf6f9f0ce86cb9396ed337a42
- name: github.com/gorilla/mux
  version: 24fca303ac6da784b9e8269f724ddeb0b2eea5e7
- name: github.com/jinzhu/gorm
  version: 5174cc5c242a728b435ea2be8a2f7f998e15429b
- name: github.com/jinzhu/inflection
  version: 1c35d901db3da928c72a72d8458480cc9ade058f
- name: github.com/Slemgrim/gorage
  version: d62f88bb96c301d02bc8aa372ded769c69ef7a8b
  subpackages:
  - meta
  - relation
  - storage
- name: github.com/Slemgrim/jsonapi
  version: fc6968dfe7f254d8285e5ba958f5f6d5514c7436
- name: github.com/streadway/amqp
  version: 1c63b162b69cf6834e0b30e496c4cd5d6ee2a1d1
- name: gopkg.in/alexcesaro/quotedprintable.v3
  version: 2caba252f4dc53eaf6b553000885530023f54623
- name: gopkg.in/go-playground/validator.v9
  version: a021b2ec9a8a8bb970f3f15bc42617cb520e8a64
- name: gopkg.in/mgo.v2
  version: 3f83fa5005286a7fe593b055f0d7771a7dce4655
  subpackages:
  - bson
  - internal/json
  - internal/sasl
  - internal/scram
testImports: []
